
Microsoft Visual Studio Solution File, Format Version 12.00
# Visual Studio Version 16
VisualStudioVersion = 16.0.29509.3
MinimumVisualStudioVersion = 10.0.40219.1
Project("{FAE04EC0-301F-11D3-BF4B-00C04F79EFBC}") = "GeometriArv3", "GeometriArv3\GeometriArv3.csproj", "{BA69307B-3D59-456B-9DEC-4B9F05B456A3}"
EndProject
Global
	GlobalSection(SolutionConfigurationPlatforms) = preSolution
		Debug|Any CPU = Debug|Any CPU
		Release|Any CPU = Release|Any CPU
	EndGlobalSection
	GlobalSection(ProjectConfigurationPlatforms) = postSolution
		{BA69307B-3D59-456B-9DEC-4B9F05B456A3}.Debug|Any CPU.ActiveCfg = Debug|Any CPU
		{BA69307B-3D59-456B-9DEC-4B9F05B456A3}.Debug|Any CPU.Build.0 = Debug|Any CPU
		{BA69307B-3D59-456B-9DEC-4B9F05B456A3}.Release|Any CPU.ActiveCfg = Release|Any CPU
		{BA69307B-3D59-456B-9DEC-4B9F05B456A3}.Release|Any CPU.Build.0 = Release|Any CPU
	EndGlobalSection
	GlobalSection(SolutionProperties) = preSolution
		HideSolutionNode = FALSE
	EndGlobalSection
	GlobalSection(ExtensibilityGlobals) = postSolution
		SolutionGuid = {33BB77A6-1F67-4523-9D81-23A154D3624F}
	EndGlobalSection
EndGlobal
